
Microsoft Visual Studio Solution File, Format Version 12.00
# Visual Studio Version 16
VisualStudioVersion = 16.0.31112.23
MinimumVisualStudioVersion = 10.0.40219.1
Project("{9A19103F-16F7-4668-BE54-9A1E7A4F7556}") = "Solucao.API", "Solucao.API\Solucao.API.csproj", "{D920BF05-4488-4690-BBB3-042C606B6165}"
EndProject
Project("{9A19103F-16F7-4668-BE54-9A1E7A4F7556}") = "Solucao.Application", "Solucao.Application\Solucao.Application.csproj", "{C179627A-FF81-4F72-8C72-3823E2CE0038}"
EndProject
Project("{9A19103F-16F7-4668-BE54-9A1E7A4F7556}") = "Solucao.CrossCutting", "Solucao.CrossCutting\Solucao.CrossCutting.csproj", "{292896AC-FD07-4E54-9ACC-1A6726582053}"
EndProject
Global
	GlobalSection(SolutionConfigurationPlatforms) = preSolution
		Debug|Any CPU = Debug|Any CPU
		Release|Any CPU = Release|Any CPU
	EndGlobalSection
	GlobalSection(ProjectConfigurationPlatforms) = postSolution
		{D920BF05-4488-4690-BBB3-042C606B6165}.Debug|Any CPU.ActiveCfg = Debug|Any CPU
		{D920BF05-4488-4690-BBB3-042C606B6165}.Debug|Any CPU.Build.0 = Debug|Any CPU
		{D920BF05-4488-4690-BBB3-042C606B6165}.Release|Any CPU.ActiveCfg = Release|Any CPU
		{D920BF05-4488-4690-BBB3-042C606B6165}.Release|Any CPU.Build.0 = Release|Any CPU
		{C179627A-FF81-4F72-8C72-3823E2CE0038}.Debug|Any CPU.ActiveCfg = Debug|Any CPU
		{C179627A-FF81-4F72-8C72-3823E2CE0038}.Debug|Any CPU.Build.0 = Debug|Any CPU
		{C179627A-FF81-4F72-8C72-3823E2CE0038}.Release|Any CPU.ActiveCfg = Release|Any CPU
		{C179627A-FF81-4F72-8C72-3823E2CE0038}.Release|Any CPU.Build.0 = Release|Any CPU
		{292896AC-FD07-4E54-9ACC-1A6726582053}.Debug|Any CPU.ActiveCfg = Debug|Any CPU
		{292896AC-FD07-4E54-9ACC-1A6726582053}.Debug|Any CPU.Build.0 = Debug|Any CPU
		{292896AC-FD07-4E54-9ACC-1A6726582053}.Release|Any CPU.ActiveCfg = Release|Any CPU
		{292896AC-FD07-4E54-9ACC-1A6726582053}.Release|Any CPU.Build.0 = Release|Any CPU
	EndGlobalSection
	GlobalSection(SolutionProperties) = preSolution
		HideSolutionNode = FALSE
	EndGlobalSection
	GlobalSection(ExtensibilityGlobals) = postSolution
		SolutionGuid = {F6721EA1-12EA-47FE-A5F5-C4471AF69B62}
	EndGlobalSection
EndGlobal
